
Microsoft Visual Studio Solution File, Format Version 12.00
# Visual Studio Version 17
VisualStudioVersion = 17.8.34408.163
MinimumVisualStudioVersion = 10.0.40219.1
Project("{FAE04EC0-301F-11D3-BF4B-00C04F79EFBC}") = "File Management Class", "File Management Class\File Management Class.csproj", "{40AAE982-A450-415D-9AB3-4AEAE3A38CD9}"
EndProject
Global
	GlobalSection(SolutionConfigurationPlatforms) = preSolution
		Debug|Any CPU = Debug|Any CPU
		Release|Any CPU = Release|Any CPU
	EndGlobalSection
	GlobalSection(ProjectConfigurationPlatforms) = postSolution
		{40AAE982-A450-415D-9AB3-4AEAE3A38CD9}.Debug|Any CPU.ActiveCfg = Debug|Any CPU
		{40AAE982-A450-415D-9AB3-4AEAE3A38CD9}.Debug|Any CPU.Build.0 = Debug|Any CPU
		{40AAE982-A450-415D-9AB3-4AEAE3A38CD9}.Release|Any CPU.ActiveCfg = Release|Any CPU
		{40AAE982-A450-415D-9AB3-4AEAE3A38CD9}.Release|Any CPU.Build.0 = Release|Any CPU
	EndGlobalSection
	GlobalSection(SolutionProperties) = preSolution
		HideSolutionNode = FALSE
	EndGlobalSection
	GlobalSection(ExtensibilityGlobals) = postSolution
		SolutionGuid = {A235BB7D-D750-4020-902A-822BF8617FBF}
	EndGlobalSection
EndGlobal
